
Microsoft Visual Studio Solution File, Format Version 12.00
# Visual Studio Version 17
VisualStudioVersion = 17.6.33815.320
MinimumVisualStudioVersion = 10.0.40219.1
Project("{2150E333-8FDC-42A3-9474-1A3956D46DE8}") = "01-Mastransit", "01-Mastransit", "{76989D3B-9C8B-48CE-AE29-544E4656C145}"
EndProject
Project("{9A19103F-16F7-4668-BE54-9A1E7A4F7556}") = "1-Consumer", "1-Consumer\1-Consumer.csproj", "{852338AD-209A-4FFE-9F97-668DD7DACD88}"
EndProject
Project("{9A19103F-16F7-4668-BE54-9A1E7A4F7556}") = "2-Publisher", "2-Publisher\2-Publisher.csproj", "{9A2A8097-BF8D-4243-9C70-FA9CCE7F4B4B}"
EndProject
Project("{9A19103F-16F7-4668-BE54-9A1E7A4F7556}") = "3-Shared", "3-Shared\3-Shared.csproj", "{FBF9EAB1-76BF-4FF7-B73E-5880D5F044EE}"
EndProject
Project("{2150E333-8FDC-42A3-9474-1A3956D46DE8}") = "02-WorkerService", "02-WorkerService", "{0F4A74FA-1D58-4515-85A1-F236DF1FD7DD}"
EndProject
Project("{FAE04EC0-301F-11D3-BF4B-00C04F79EFBC}") = "Consumer", "Consumer\Consumer.csproj", "{DEE458B2-E468-4E36-81D5-DB4517C9FABF}"
EndProject
Project("{FAE04EC0-301F-11D3-BF4B-00C04F79EFBC}") = "Publisher", "Publisher\Publisher.csproj", "{14111451-0F89-4FFA-AE02-2A6CEF91948F}"
EndProject
Global
	GlobalSection(SolutionConfigurationPlatforms) = preSolution
		Debug|Any CPU = Debug|Any CPU
		Release|Any CPU = Release|Any CPU
	EndGlobalSection
	GlobalSection(ProjectConfigurationPlatforms) = postSolution
		{852338AD-209A-4FFE-9F97-668DD7DACD88}.Debug|Any CPU.ActiveCfg = Debug|Any CPU
		{852338AD-209A-4FFE-9F97-668DD7DACD88}.Debug|Any CPU.Build.0 = Debug|Any CPU
		{852338AD-209A-4FFE-9F97-668DD7DACD88}.Release|Any CPU.ActiveCfg = Release|Any CPU
		{852338AD-209A-4FFE-9F97-668DD7DACD88}.Release|Any CPU.Build.0 = Release|Any CPU
		{9A2A8097-BF8D-4243-9C70-FA9CCE7F4B4B}.Debug|Any CPU.ActiveCfg = Debug|Any CPU
		{9A2A8097-BF8D-4243-9C70-FA9CCE7F4B4B}.Debug|Any CPU.Build.0 = Debug|Any CPU
		{9A2A8097-BF8D-4243-9C70-FA9CCE7F4B4B}.Release|Any CPU.ActiveCfg = Release|Any CPU
		{9A2A8097-BF8D-4243-9C70-FA9CCE7F4B4B}.Release|Any CPU.Build.0 = Release|Any CPU
		{FBF9EAB1-76BF-4FF7-B73E-5880D5F044EE}.Debug|Any CPU.ActiveCfg = Debug|Any CPU
		{FBF9EAB1-76BF-4FF7-B73E-5880D5F044EE}.Debug|Any CPU.Build.0 = Debug|Any CPU
		{FBF9EAB1-76BF-4FF7-B73E-5880D5F044EE}.Release|Any CPU.ActiveCfg = Release|Any CPU
		{FBF9EAB1-76BF-4FF7-B73E-5880D5F044EE}.Release|Any CPU.Build.0 = Release|Any CPU
		{DEE458B2-E468-4E36-81D5-DB4517C9FABF}.Debug|Any CPU.ActiveCfg = Debug|Any CPU
		{DEE458B2-E468-4E36-81D5-DB4517C9FABF}.Debug|Any CPU.Build.0 = Debug|Any CPU
		{DEE458B2-E468-4E36-81D5-DB4517C9FABF}.Release|Any CPU.ActiveCfg = Release|Any CPU
		{DEE458B2-E468-4E36-81D5-DB4517C9FABF}.Release|Any CPU.Build.0 = Release|Any CPU
		{14111451-0F89-4FFA-AE02-2A6CEF91948F}.Debug|Any CPU.ActiveCfg = Debug|Any CPU
		{14111451-0F89-4FFA-AE02-2A6CEF91948F}.Debug|Any CPU.Build.0 = Debug|Any CPU
		{14111451-0F89-4FFA-AE02-2A6CEF91948F}.Release|Any CPU.ActiveCfg = Release|Any CPU
		{14111451-0F89-4FFA-AE02-2A6CEF91948F}.Release|Any CPU.Build.0 = Release|Any CPU
	EndGlobalSection
	GlobalSection(SolutionProperties) = preSolution
		HideSolutionNode = FALSE
	EndGlobalSection
	GlobalSection(NestedProjects) = preSolution
		{852338AD-209A-4FFE-9F97-668DD7DACD88} = {76989D3B-9C8B-48CE-AE29-544E4656C145}
		{9A2A8097-BF8D-4243-9C70-FA9CCE7F4B4B} = {76989D3B-9C8B-48CE-AE29-544E4656C145}
		{FBF9EAB1-76BF-4FF7-B73E-5880D5F044EE} = {76989D3B-9C8B-48CE-AE29-544E4656C145}
		{DEE458B2-E468-4E36-81D5-DB4517C9FABF} = {0F4A74FA-1D58-4515-85A1-F236DF1FD7DD}
		{14111451-0F89-4FFA-AE02-2A6CEF91948F} = {0F4A74FA-1D58-4515-85A1-F236DF1FD7DD}
	EndGlobalSection
	GlobalSection(ExtensibilityGlobals) = postSolution
		SolutionGuid = {457FA030-A7E0-4955-BDD4-66F2D7361FB1}
	EndGlobalSection
EndGlobal
