
Microsoft Visual Studio Solution File, Format Version 12.00
# Visual Studio Version 17
VisualStudioVersion = 17.6.33815.320
MinimumVisualStudioVersion = 10.0.40219.1
Project("{9A19103F-16F7-4668-BE54-9A1E7A4F7556}") = "RabitMq.Publisher", "RabitMq.Publisher\RabitMq.Publisher.csproj", "{51A2DEFE-5E95-4E2F-A779-51A1D7FACB56}"
EndProject
Project("{9A19103F-16F7-4668-BE54-9A1E7A4F7556}") = "DirectExchan.Publisher", "DirectExchan.Publisher\DirectExchan.Publisher.csproj", "{8B3C4CE2-1642-437B-A1E3-ECD548AFE3C2}"
EndProject
Project("{FAE04EC0-301F-11D3-BF4B-00C04F79EFBC}") = "Fanout.Publisher", "Fanout.Publisher\Fanout.Publisher.csproj", "{130000C0-B28C-45EE-B9F9-4F07AC043756}"
EndProject
Project("{FAE04EC0-301F-11D3-BF4B-00C04F79EFBC}") = "Topic.Publisher", "Topic.Publisher\Topic.Publisher.csproj", "{7A24F207-823E-4754-ACD8-4CE5C624CD55}"
EndProject
Project("{FAE04EC0-301F-11D3-BF4B-00C04F79EFBC}") = "Header.Publisher", "Header.Publisher\Header.Publisher.csproj", "{80101E6F-9ECA-4B7C-B5B1-C9DE45B173C9}"
EndProject
Global
	GlobalSection(SolutionConfigurationPlatforms) = preSolution
		Debug|Any CPU = Debug|Any CPU
		Release|Any CPU = Release|Any CPU
	EndGlobalSection
	GlobalSection(ProjectConfigurationPlatforms) = postSolution
		{51A2DEFE-5E95-4E2F-A779-51A1D7FACB56}.Debug|Any CPU.ActiveCfg = Debug|Any CPU
		{51A2DEFE-5E95-4E2F-A779-51A1D7FACB56}.Debug|Any CPU.Build.0 = Debug|Any CPU
		{51A2DEFE-5E95-4E2F-A779-51A1D7FACB56}.Release|Any CPU.ActiveCfg = Release|Any CPU
		{51A2DEFE-5E95-4E2F-A779-51A1D7FACB56}.Release|Any CPU.Build.0 = Release|Any CPU
		{8B3C4CE2-1642-437B-A1E3-ECD548AFE3C2}.Debug|Any CPU.ActiveCfg = Debug|Any CPU
		{8B3C4CE2-1642-437B-A1E3-ECD548AFE3C2}.Debug|Any CPU.Build.0 = Debug|Any CPU
		{8B3C4CE2-1642-437B-A1E3-ECD548AFE3C2}.Release|Any CPU.ActiveCfg = Release|Any CPU
		{8B3C4CE2-1642-437B-A1E3-ECD548AFE3C2}.Release|Any CPU.Build.0 = Release|Any CPU
		{130000C0-B28C-45EE-B9F9-4F07AC043756}.Debug|Any CPU.ActiveCfg = Debug|Any CPU
		{130000C0-B28C-45EE-B9F9-4F07AC043756}.Debug|Any CPU.Build.0 = Debug|Any CPU
		{130000C0-B28C-45EE-B9F9-4F07AC043756}.Release|Any CPU.ActiveCfg = Release|Any CPU
		{130000C0-B28C-45EE-B9F9-4F07AC043756}.Release|Any CPU.Build.0 = Release|Any CPU
		{7A24F207-823E-4754-ACD8-4CE5C624CD55}.Debug|Any CPU.ActiveCfg = Debug|Any CPU
		{7A24F207-823E-4754-ACD8-4CE5C624CD55}.Debug|Any CPU.Build.0 = Debug|Any CPU
		{7A24F207-823E-4754-ACD8-4CE5C624CD55}.Release|Any CPU.ActiveCfg = Release|Any CPU
		{7A24F207-823E-4754-ACD8-4CE5C624CD55}.Release|Any CPU.Build.0 = Release|Any CPU
		{80101E6F-9ECA-4B7C-B5B1-C9DE45B173C9}.Debug|Any CPU.ActiveCfg = Debug|Any CPU
		{80101E6F-9ECA-4B7C-B5B1-C9DE45B173C9}.Debug|Any CPU.Build.0 = Debug|Any CPU
		{80101E6F-9ECA-4B7C-B5B1-C9DE45B173C9}.Release|Any CPU.ActiveCfg = Release|Any CPU
		{80101E6F-9ECA-4B7C-B5B1-C9DE45B173C9}.Release|Any CPU.Build.0 = Release|Any CPU
	EndGlobalSection
	GlobalSection(SolutionProperties) = preSolution
		HideSolutionNode = FALSE
	EndGlobalSection
	GlobalSection(ExtensibilityGlobals) = postSolution
		SolutionGuid = {67A5D659-3537-4095-A65B-6DA73B045A5A}
	EndGlobalSection
EndGlobal
